{
  "name": "wukong-easysdk-release-peer",
  "version": "1.0.0",
  "lockfileVersion": 3,
  "requires": true,
  "packages": {
    "": {
      "name": "wukong-easysdk-release-peer",
      "version": "1.0.0",
      "dependencies": {
        "easyjssdk": "2.0.4"
      }
    },
    "node_modules/easyjssdk": {
      "version": "2.0.4",
      "resolved": "https://registry.npmjs.org/easyjssdk/-/easyjssdk-2.0.4.tgz",
      "integrity": "sha512-aLMvLHLz0w/1F/1mqh7BtR5V6hyrxFTA3XVFLJ8+95GM9APU9/17HINYL4rQOtbbMX28AaeT4HV3t548bSp9bw==",
      "license": "ISC",
      "optionalDependencies": {
        "ws": "^8.21.3"
      }
    },
    "node_modules/ws": {
      "version": "8.21.3",
      "resolved": "https://registry.npmjs.org/ws/-/ws-8.21.3.tgz",
      "integrity": "sha512-201TZ/kPWxoPr/OKWjquZR1SWKXcvxdH+e1xrx89b3YbmzLMFCLfnaG1HFIgWzJOEWZ7MvpK++odZufgYR50Rw==",
      "license": "MIT",
      "optional": true,
      "engines": {
        "node": ">=10.0.0"
      },
      "peerDependencies": {
        "bufferutil": "^4.0.1",
        "utf-8-validate": ">=5.0.2"
      },
      "peerDependenciesMeta": {
        "bufferutil": {
          "optional": true
        },
        "utf-8-validate": {
          "optional": true
        }
      }
    }
  }
}
